[root]
name = "raytracer"
version = "0.0.1"
dependencies = [
 "opencl 0.3.0-dev (git+https://github.com/luqmana/rust-opencl.git)",
]

[[package]]
name = "log"
version = "0.2.5"
source = "registry+https://github.com/rust-lang/crates.io-index"

[[package]]
name = "opencl"
version = "0.3.0-dev"
source = "git+https://github.com/luqmana/rust-opencl.git#cf16b8a65a0cf8b05ebf2d2fe07684440558d46f"
dependencies = [
 "log 0.2.5 (registry+https://github.com/rust-lang/crates.io-index)",
]

